
Microsoft Visual Studio Solution File, Format Version 12.00
# Visual Studio Version 17
VisualStudioVersion = 17.5.33424.131
MinimumVisualStudioVersion = 10.0.40219.1
Project("{FAE04EC0-301F-11D3-BF4B-00C04F79EFBC}") = "MagStripeTest", "MagStripeTest\MagStripeTest.csproj", "{F2060CE8-2785-4AD1-915E-C7A299C53BF3}"
EndProject
Global
	GlobalSection(SolutionConfigurationPlatforms) = preSolution
		Debug|Any CPU = Debug|Any CPU
		Release|Any CPU = Release|Any CPU
	EndGlobalSection
	GlobalSection(ProjectConfigurationPlatforms) = postSolution
		{F2060CE8-2785-4AD1-915E-C7A299C53BF3}.Debug|Any CPU.ActiveCfg = Debug|Any CPU
		{F2060CE8-2785-4AD1-915E-C7A299C53BF3}.Debug|Any CPU.Build.0 = Debug|Any CPU
		{F2060CE8-2785-4AD1-915E-C7A299C53BF3}.Release|Any CPU.ActiveCfg = Release|Any CPU
		{F2060CE8-2785-4AD1-915E-C7A299C53BF3}.Release|Any CPU.Build.0 = Release|Any CPU
	EndGlobalSection
	GlobalSection(SolutionProperties) = preSolution
		HideSolutionNode = FALSE
	EndGlobalSection
	GlobalSection(ExtensibilityGlobals) = postSolution
		SolutionGuid = {BAD63BE2-DBBC-4B19-A03D-722B490B92A4}
	EndGlobalSection
EndGlobal
